<?xml version="1.0" encoding="utf-8"?>
<Project ToolsVersion="4.0" xmlns="http://schemas.microsoft.com/developer/msbuild/2003">
  <ItemGroup>
    <Filter Include="a">
      <UniqueIdentifier>{a90041e5-0859-4497-bf61-b494aa3a527f}</UniqueIdentifier>
    </Filter>
    <Filter Include="cd">
      <UniqueIdentifier>{356c79f3-da72-4d1c-9640-8f6b6b48d8f1}</UniqueIdentifier>
    </Filter>
  </ItemGroup>
  <ItemGroup>
    <ClCompile Include="gettoken.c">
      <Filter>a</Filter>
    </ClCompile>
    <ClCompile Include="scripttest.cpp" />
  </ItemGroup>
  <ItemGroup>
    <ClInclude Include="gettoken.h">
      <Filter>a</Filter>
    </ClInclude>
  </ItemGroup>
  <ItemGroup>
    <Text Include="ReadMe.txt" />
    <Text Include="script.txt" />
  </ItemGroup>
</Project>